hash: 2856487a51d97c6a75faeb31d6d4d83e69041e77211fda04d805f294ac4c76ba
updated: 2017-12-06T15:16:58.562851248-06:00
imports:
- name: github.com/containerd/continuity
  version: 0cf103d319cc2d7efe085224094f466d1f8b9640
  subpackages:
  - pathdriver
- name: github.com/docker/distribution
  version: bc3c7b0525e59d3ecfab3e1568350895fd4a462f
  subpackages:
  - digestset
  - reference
- name: github.com/docker/docker
  version: d9dbca2e19bde080f9485dc8973e9e6d571e2ee3
  subpackages:
  - api
  - api/types
  - api/types/blkiodev
  - api/types/container
  - api/types/events
  - api/types/filters
  - api/types/image
  - api/types/mount
  - api/types/network
  - api/types/registry
  - api/types/strslice
  - api/types/swarm
  - api/types/swarm/runtime
  - api/types/time
  - api/types/versions
  - api/types/volume
  - client
  - pkg/archive
  - pkg/fileutils
  - pkg/idtools
  - pkg/ioutils
  - pkg/longpath
  - pkg/mount
  - pkg/pools
  - pkg/system
- name: github.com/docker/go-connections
  version: 3ede32e2033de7505e6500d6c868c2b9ed9f169d
  subpackages:
  - nat
  - sockets
  - tlsconfig
- name: github.com/docker/go-units
  version: 0dadbb0345b35ec7ef35e228dabb8de89a65bf52
- name: github.com/fsnotify/fsnotify
  version: 4da3e2cfbabc9f751898f250b49f2439785783a1
- name: github.com/gogo/protobuf
  version: 41168f6614b7bb144818ec8967b8c702705df564
  subpackages:
  - proto
- name: github.com/hashicorp/hcl
  version: 23c074d0eceb2b8a5bfdbb271ab780cde70f05a8
  subpackages:
  - hcl/ast
  - hcl/parser
  - hcl/scanner
  - hcl/strconv
  - hcl/token
  - json/parser
  - json/scanner
  - json/token
- name: github.com/inconshreveable/mousetrap
  version: 76626ae9c91c4f2a10f34cad8ce83ea42c93bb75
- name: github.com/magiconair/properties
  version: 49d762b9817ba1c2e9d0c69183c2b4a8b8f1d934
- name: github.com/Microsoft/go-winio
  version: 78439966b38d69bf38227fbf57ac8a6fee70f69a
- name: github.com/mitchellh/go-homedir
  version: b8bc1bf767474819792c23f32d8286a45736f1c6
- name: github.com/mitchellh/mapstructure
  version: 06020f85339e21b2478f756a78e295255ffa4d6a
- name: github.com/opencontainers/go-digest
  version: 279bed98673dd5bef374d3b6e4b09e2af76183bf
- name: github.com/opencontainers/image-spec
  version: 577479e4dc273d3779f00c223c7e0dba4cd6b8b0
  subpackages:
  - specs-go
  - specs-go/v1
- name: github.com/opencontainers/runc
  version: 1d3ab6d668952a23498256dd385bec37f8f9fa04
  subpackages:
  - libcontainer/system
  - libcontainer/user
- name: github.com/pelletier/go-toml
  version: 4e9e0ee19b60b13eb79915933f44d8ed5f268bdd
- name: github.com/pkg/errors
  version: 645ef00459ed84a119197bfb8d8205042c6df63d
- name: github.com/rifflock/lfshook
  version: 2adb3e0c4ddd8778c4adde609d2dfd4fbe6096ea
- name: github.com/sirupsen/logrus
  version: 1f76b120f8e2703d7ac03d931d2fb7224f4717bf
  repo: https://github.com/magic53/logrus
- name: github.com/spf13/afero
  version: 8d919cbe7e2627e417f3e45c3c0e489a5b7e2536
  subpackages:
  - mem
- name: github.com/spf13/cast
  version: acbeb36b902d72a7a4c18e8f3241075e7ab763e4
- name: github.com/spf13/cobra
  version: 1be1d2841c773c01bee8289f55f7463b6e2c2539
- name: github.com/spf13/jwalterweatherman
  version: 12bd96e66386c1960ab0f74ced1362f66f552f7b
- name: github.com/spf13/pflag
  version: 4c012f6dcd9546820e378d0bdda4d8fc772cdfea
- name: github.com/spf13/viper
  version: 4dddf7c62e16bce5807744018f5b753bfe21bbd2
- name: golang.org/x/net
  version: a8b9294777976932365dabb6640cf1468d95c70f
  subpackages:
  - context
  - context/ctxhttp
  - proxy
- name: golang.org/x/sys
  version: 9167dbfd0f8e88b731dd88cbf73a270701a37bb4
  subpackages:
  - unix
  - windows
- name: golang.org/x/text
  version: 57961680700a5336d15015c8c50686ca5ba362a4
  subpackages:
  - transform
  - unicode/norm
- name: gopkg.in/yaml.v2
  version: 287cf08546ab5e7e37d55a84f7ed3fd1db036de5
  repo: https://github.com/go-yaml/yaml
testImports: []
